
Microsoft Visual Studio Solution File, Format Version 12.00
# Visual Studio Version 17
VisualStudioVersion = 17.9.34714.143
MinimumVisualStudioVersion = 10.0.40219.1
Project("{FAE04EC0-301F-11D3-BF4B-00C04F79EFBC}") = "MCP_Studio", "MCP_Studio\MCP_Studio.csproj", "{939AB923-7137-4777-A412-AA9A18920892}"
EndProject
Global
	GlobalSection(SolutionConfigurationPlatforms) = preSolution
		Debug|Any CPU = Debug|Any CPU
		Release|Any CPU = Release|Any CPU
	EndGlobalSection
	GlobalSection(ProjectConfigurationPlatforms) = postSolution
		{939AB923-7137-4777-A412-AA9A18920892}.Debug|Any CPU.ActiveCfg = Debug|Any CPU
		{939AB923-7137-4777-A412-AA9A18920892}.Debug|Any CPU.Build.0 = Debug|Any CPU
		{939AB923-7137-4777-A412-AA9A18920892}.Release|Any CPU.ActiveCfg = Release|Any CPU
		{939AB923-7137-4777-A412-AA9A18920892}.Release|Any CPU.Build.0 = Release|Any CPU
	EndGlobalSection
	GlobalSection(SolutionProperties) = preSolution
		HideSolutionNode = FALSE
	EndGlobalSection
	GlobalSection(ExtensibilityGlobals) = postSolution
		SolutionGuid = {F0F12A81-95BE-4A7F-A28F-C51407608780}
	EndGlobalSection
EndGlobal
